
Microsoft Visual Studio Solution File, Format Version 12.00
# Visual Studio Version 17
VisualStudioVersion = 17.11.35327.3
MinimumVisualStudioVersion = 10.0.40219.1
Project("{FAE04EC0-301F-11D3-BF4B-00C04F79EFBC}") = "Example_Of_Code_First_Approach_MVC", "Example_Of_Code_First_Approach_MVC\Example_Of_Code_First_Approach_MVC.csproj", "{7F6BC900-078B-4D33-B346-20D6F71366FC}"
EndProject
Global
	GlobalSection(SolutionConfigurationPlatforms) = preSolution
		Debug|Any CPU = Debug|Any CPU
		Release|Any CPU = Release|Any CPU
	EndGlobalSection
	GlobalSection(ProjectConfigurationPlatforms) = postSolution
		{7F6BC900-078B-4D33-B346-20D6F71366FC}.Debug|Any CPU.ActiveCfg = Debug|Any CPU
		{7F6BC900-078B-4D33-B346-20D6F71366FC}.Debug|Any CPU.Build.0 = Debug|Any CPU
		{7F6BC900-078B-4D33-B346-20D6F71366FC}.Release|Any CPU.ActiveCfg = Release|Any CPU
		{7F6BC900-078B-4D33-B346-20D6F71366FC}.Release|Any CPU.Build.0 = Release|Any CPU
	EndGlobalSection
	GlobalSection(SolutionProperties) = preSolution
		HideSolutionNode = FALSE
	EndGlobalSection
	GlobalSection(ExtensibilityGlobals) = postSolution
		SolutionGuid = {E96870C1-723E-4BB4-8F29-AADA6683B108}
	EndGlobalSection
EndGlobal
