
Microsoft Visual Studio Solution File, Format Version 12.00
# Visual Studio Version 17
VisualStudioVersion = 17.11.35327.3
MinimumVisualStudioVersion = 10.0.40219.1
Project("{FAE04EC0-301F-11D3-BF4B-00C04F79EFBC}") = "EfCoreFirstApproachDemo01", "EfCoreFirstApproachDemo01\EfCoreFirstApproachDemo01.csproj", "{EB4EEDCB-BEC7-4090-A2DC-CC0E4F012C64}"
EndProject
Global
	GlobalSection(SolutionConfigurationPlatforms) = preSolution
		Debug|Any CPU = Debug|Any CPU
		Release|Any CPU = Release|Any CPU
	EndGlobalSection
	GlobalSection(ProjectConfigurationPlatforms) = postSolution
		{EB4EEDCB-BEC7-4090-A2DC-CC0E4F012C64}.Debug|Any CPU.ActiveCfg = Debug|Any CPU
		{EB4EEDCB-BEC7-4090-A2DC-CC0E4F012C64}.Debug|Any CPU.Build.0 = Debug|Any CPU
		{EB4EEDCB-BEC7-4090-A2DC-CC0E4F012C64}.Release|Any CPU.ActiveCfg = Release|Any CPU
		{EB4EEDCB-BEC7-4090-A2DC-CC0E4F012C64}.Release|Any CPU.Build.0 = Release|Any CPU
	EndGlobalSection
	GlobalSection(SolutionProperties) = preSolution
		HideSolutionNode = FALSE
	EndGlobalSection
	GlobalSection(ExtensibilityGlobals) = postSolution
		SolutionGuid = {32B5E126-7454-4F2C-B5A8-3FFDF22F9E47}
	EndGlobalSection
EndGlobal
